
Microsoft Visual Studio Solution File, Format Version 12.00
# Visual Studio Version 16
VisualStudioVersion = 16.0.31624.102
MinimumVisualStudioVersion = 10.0.40219.1
Project("{FAE04EC0-301F-11D3-BF4B-00C04F79EFBC}") = "SalesWebMvc", "SalesWebMvc\SalesWebMvc.csproj", "{8A126887-EC13-40A8-91A3-8CCE0CE48995}"
EndProject
Global
	GlobalSection(SolutionConfigurationPlatforms) = preSolution
		Debug|Any CPU = Debug|Any CPU
		Release|Any CPU = Release|Any CPU
	EndGlobalSection
	GlobalSection(ProjectConfigurationPlatforms) = postSolution
		{8A126887-EC13-40A8-91A3-8CCE0CE48995}.Debug|Any CPU.ActiveCfg = Debug|Any CPU
		{8A126887-EC13-40A8-91A3-8CCE0CE48995}.Debug|Any CPU.Build.0 = Debug|Any CPU
		{8A126887-EC13-40A8-91A3-8CCE0CE48995}.Release|Any CPU.ActiveCfg = Release|Any CPU
		{8A126887-EC13-40A8-91A3-8CCE0CE48995}.Release|Any CPU.Build.0 = Release|Any CPU
	EndGlobalSection
	GlobalSection(SolutionProperties) = preSolution
		HideSolutionNode = FALSE
	EndGlobalSection
	GlobalSection(ExtensibilityGlobals) = postSolution
		SolutionGuid = {96246FB0-1AE1-474D-9690-F449B5B2A598}
	EndGlobalSection
EndGlobal
